
Microsoft Visual Studio Solution File, Format Version 12.00
# Visual Studio Version 17
VisualStudioVersion = 17.5.33414.496
MinimumVisualStudioVersion = 10.0.40219.1
Project("{FAE04EC0-301F-11D3-BF4B-00C04F79EFBC}") = "Streamish", "Streamish.csproj", "{59C10766-1B0D-4BD2-B8A6-074695181434}"
EndProject
Global
	GlobalSection(SolutionConfigurationPlatforms) = preSolution
		Debug|Any CPU = Debug|Any CPU
		Release|Any CPU = Release|Any CPU
	EndGlobalSection
	GlobalSection(ProjectConfigurationPlatforms) = postSolution
		{59C10766-1B0D-4BD2-B8A6-074695181434}.Debug|Any CPU.ActiveCfg = Debug|Any CPU
		{59C10766-1B0D-4BD2-B8A6-074695181434}.Debug|Any CPU.Build.0 = Debug|Any CPU
		{59C10766-1B0D-4BD2-B8A6-074695181434}.Release|Any CPU.ActiveCfg = Release|Any CPU
		{59C10766-1B0D-4BD2-B8A6-074695181434}.Release|Any CPU.Build.0 = Release|Any CPU
	EndGlobalSection
	GlobalSection(SolutionProperties) = preSolution
		HideSolutionNode = FALSE
	EndGlobalSection
	GlobalSection(ExtensibilityGlobals) = postSolution
		SolutionGuid = {A7D20CA0-255A-467B-A003-99CAD95EF131}
	EndGlobalSection
EndGlobal
